
Microsoft Visual Studio Solution File, Format Version 12.00
# Visual Studio Version 16
VisualStudioVersion = 16.0.30320.27
MinimumVisualStudioVersion = 10.0.40219.1
Project("{9A19103F-16F7-4668-BE54-9A1E7A4F7556}") = "PeopleLocationApi", "PeopleLocationApi\PeopleLocationApi.csproj", "{EA6676F5-EB68-4B77-8ABD-5ADBC027D4C1}"
EndProject
Project("{FAE04EC0-301F-11D3-BF4B-00C04F79EFBC}") = "PeopleLocationApiTests", "PeopleLocationApiTests\PeopleLocationApiTests.csproj", "{7F947500-612A-49BA-BA33-EB55CEF0F058}"
EndProject
Global
	GlobalSection(SolutionConfigurationPlatforms) = preSolution
		Debug|Any CPU = Debug|Any CPU
		Release|Any CPU = Release|Any CPU
	EndGlobalSection
	GlobalSection(ProjectConfigurationPlatforms) = postSolution
		{EA6676F5-EB68-4B77-8ABD-5ADBC027D4C1}.Debug|Any CPU.ActiveCfg = Debug|Any CPU
		{EA6676F5-EB68-4B77-8ABD-5ADBC027D4C1}.Debug|Any CPU.Build.0 = Debug|Any CPU
		{EA6676F5-EB68-4B77-8ABD-5ADBC027D4C1}.Release|Any CPU.ActiveCfg = Release|Any CPU
		{EA6676F5-EB68-4B77-8ABD-5ADBC027D4C1}.Release|Any CPU.Build.0 = Release|Any CPU
		{7F947500-612A-49BA-BA33-EB55CEF0F058}.Debug|Any CPU.ActiveCfg = Debug|Any CPU
		{7F947500-612A-49BA-BA33-EB55CEF0F058}.Debug|Any CPU.Build.0 = Debug|Any CPU
		{7F947500-612A-49BA-BA33-EB55CEF0F058}.Release|Any CPU.ActiveCfg = Release|Any CPU
		{7F947500-612A-49BA-BA33-EB55CEF0F058}.Release|Any CPU.Build.0 = Release|Any CPU
	EndGlobalSection
	GlobalSection(SolutionProperties) = preSolution
		HideSolutionNode = FALSE
	EndGlobalSection
	GlobalSection(ExtensibilityGlobals) = postSolution
		SolutionGuid = {D90EBDB9-5DB0-4FB2-8C9C-4A046F814BCA}
	EndGlobalSection
EndGlobal
